
Microsoft Visual Studio Solution File, Format Version 12.00
# Visual Studio Version 16
VisualStudioVersion = 16.0.31911.196
MinimumVisualStudioVersion = 10.0.40219.1
Project("{9A19103F-16F7-4668-BE54-9A1E7A4F7556}") = "TwistedPair", "TwistedPair.csproj", "{E347A553-5D8E-456C-AF09-DC2D93B4C50A}"
EndProject
Project("{2150E333-8FDC-42A3-9474-1A3956D46DE8}") = "Solution Items", "Solution Items", "{6B4117C5-966F-4B30-A277-1EBE49C5FB9D}"
	ProjectSection(SolutionItems) = preProject
		coloredPairs.json = coloredPairs.json
	EndProjectSection
EndProject
Global
	GlobalSection(SolutionConfigurationPlatforms) = preSolution
		Debug|Any CPU = Debug|Any CPU
		Release|Any CPU = Release|Any CPU
	EndGlobalSection
	GlobalSection(ProjectConfigurationPlatforms) = postSolution
		{E347A553-5D8E-456C-AF09-DC2D93B4C50A}.Debug|Any CPU.ActiveCfg = Debug|Any CPU
		{E347A553-5D8E-456C-AF09-DC2D93B4C50A}.Debug|Any CPU.Build.0 = Debug|Any CPU
		{E347A553-5D8E-456C-AF09-DC2D93B4C50A}.Release|Any CPU.ActiveCfg = Release|Any CPU
		{E347A553-5D8E-456C-AF09-DC2D93B4C50A}.Release|Any CPU.Build.0 = Release|Any CPU
	EndGlobalSection
	GlobalSection(SolutionProperties) = preSolution
		HideSolutionNode = FALSE
	EndGlobalSection
	GlobalSection(ExtensibilityGlobals) = postSolution
		SolutionGuid = {2AA7A3BD-A824-431E-8F16-13E70DD46BB3}
	EndGlobalSection
EndGlobal
